{
    "name": "vue3.0-init",
    "version": "0.1.0",
    "lockfileVersion": 1,
    "requires": true,
    "dependencies": {
        "@franck-lynn/vuer-ui": {
            "version": "0.0.5",
            "resolved": "https://registry.npmjs.org/@franck-lynn/vuer-ui/-/vuer-ui-0.0.5.tgz",
            "integrity": "sha512-+etPR5tKr/Q5It/N32Re9Vv8p/6z1CdFhBORXeCHz9WscQwGdzm51mXYgZNqMjy7ny/0dvsjLVlr59/w37yg1g=="
        }
    }
}
